
Microsoft Visual Studio Solution File, Format Version 12.00
# Visual Studio Version 16
VisualStudioVersion = 16.0.29025.244
MinimumVisualStudioVersion = 10.0.40219.1
Project("{8BC9CEB8-8B4A-11D0-8D11-00A0C91BC942}") = "tut0405", "tut0405\tut0405.vcxproj", "{93539B27-5B80-4D72-8AC9-B6C008DDCA5E}"
EndProject
Project("{8BC9CEB8-8B4A-11D0-8D11-00A0C91BC942}") = "tut06", "tut06\tut06.vcxproj", "{C1F50FC3-2B17-41C4-94E0-ED8423E03693}"
EndProject
Project("{8BC9CEB8-8B4A-11D0-8D11-00A0C91BC942}") = "tut07", "tut07\tut07.vcxproj", "{0024FF45-B73D-42ED-9BAE-2F9F33DB9109}"
EndProject
Project("{8BC9CEB8-8B4A-11D0-8D11-00A0C91BC942}") = "tut09", "tut09\tut09.vcxproj", "{102F35C7-9D0E-43C8-9E72-90EBCCA9C548}"
EndProject
Project("{8BC9CEB8-8B4A-11D0-8D11-00A0C91BC942}") = "tut10", "tut10\tut10.vcxproj", "{68141066-910A-4A77-82B6-FB22719A5F1E}"
EndProject
Project("{8BC9CEB8-8B4A-11D0-8D11-00A0C91BC942}") = "tut11", "tut11\tut11.vcxproj", "{10BC55DA-FDE9-454D-9C95-932D6991C464}"
EndProject
Project("{8BC9CEB8-8B4A-11D0-8D11-00A0C91BC942}") = "tut12", "tut12\tut12.vcxproj", "{213CCF7E-66BA-456A-8A77-2BBF53587404}"
EndProject
Project("{8BC9CEB8-8B4A-11D0-8D11-00A0C91BC942}") = "tut13", "tut13\tut13.vcxproj", "{7A170BEE-7CCD-4047-8C43-45D9581647D2}"
EndProject
Project("{8BC9CEB8-8B4A-11D0-8D11-00A0C91BC942}") = "tut14", "tut14\tut14.vcxproj", "{96608650-0F06-4CFF-88F2-01CB7F1A8C1C}"
EndProject
Project("{8BC9CEB8-8B4A-11D0-8D11-00A0C91BC942}") = "tut15", "tut15\tut15.vcxproj", "{E22002A7-1397-40ED-BE6B-B23C6C57A160}"
EndProject
Project("{8BC9CEB8-8B4A-11D0-8D11-00A0C91BC942}") = "tut16", "tut16\tut16.vcxproj", "{EA02DD81-CF53-4D29-927B-52FD9ED2BDAE}"
EndProject
Project("{8BC9CEB8-8B4A-11D0-8D11-00A0C91BC942}") = "tut17", "tut17\tut17.vcxproj", "{10CD4A13-DF21-48FB-991D-F321539FE3B2}"
EndProject
Project("{8BC9CEB8-8B4A-11D0-8D11-00A0C91BC942}") = "tut18", "tut18\tut18.vcxproj", "{FB39FA40-62E8-4931-BF69-D0B1E37D7BAC}"
EndProject
Project("{8BC9CEB8-8B4A-11D0-8D11-00A0C91BC942}") = "tut19", "tut19\tut19.vcxproj", "{E8F36D1C-0A17-40A4-B4F0-3923B9BB6994}"
EndProject
Project("{8BC9CEB8-8B4A-11D0-8D11-00A0C91BC942}") = "tut20", "tut20\tut20.vcxproj", "{299FDEC9-D4D9-4F83-8F15-84B7ABC8FD27}"
EndProject
Project("{8BC9CEB8-8B4A-11D0-8D11-00A0C91BC942}") = "tut21", "tut21\tut21.vcxproj", "{E7F1DEF0-03AB-43F7-B87D-F21C9F9C1C6E}"
EndProject
Project("{8BC9CEB8-8B4A-11D0-8D11-00A0C91BC942}") = "tut22", "tut22\tut22.vcxproj", "{1B60FFA9-31CC-4FB4-8350-AE72C19D584D}"
EndProject
Project("{8BC9CEB8-8B4A-11D0-8D11-00A0C91BC942}") = "tut23", "tut23\tut23.vcxproj", "{4B998B20-4C04-4EE9-AE09-E7E06DE0DD82}"
EndProject
Project("{8BC9CEB8-8B4A-11D0-8D11-00A0C91BC942}") = "tut24", "tut24\tut24.vcxproj", "{7D583E55-6208-46B2-A9A3-7F2F33C26F64}"
EndProject
Project("{8BC9CEB8-8B4A-11D0-8D11-00A0C91BC942}") = "tut25", "tut25\tut25.vcxproj", "{4CA0A033-FBA2-4AF8-B60B-36E75B376286}"
EndProject
Project("{8BC9CEB8-8B4A-11D0-8D11-00A0C91BC942}") = "tut26", "tut26\tut26.vcxproj", "{870D5728-4989-48E7-9895-656D4221E4C6}"
EndProject
Project("{8BC9CEB8-8B4A-11D0-8D11-00A0C91BC942}") = "tut27", "tut27\tut27.vcxproj", "{AF426790-496F-44CF-99DD-BC7DA2EF7CAF}"
EndProject
Project("{8BC9CEB8-8B4A-11D0-8D11-00A0C91BC942}") = "tut28", "tut28\tut28.vcxproj", "{F00B6A00-7DA8-407C-81EF-0F178B492901}"
EndProject
Project("{8BC9CEB8-8B4A-11D0-8D11-00A0C91BC942}") = "tut29", "tut29\tut29.vcxproj", "{42DABF34-93CF-40A0-9F65-B6A8BF5FF3FA}"
EndProject
Project("{8BC9CEB8-8B4A-11D0-8D11-00A0C91BC942}") = "tut30", "tut30\tut30.vcxproj", "{620B724F-FEB2-41FB-9BC7-07241A33D502}"
EndProject
Project("{8BC9CEB8-8B4A-11D0-8D11-00A0C91BC942}") = "tut32", "tut32\tut32.vcxproj", "{CE1E5B3A-CB2F-4784-8896-F1C1AE5A4CCF}"
EndProject
Project("{8BC9CEB8-8B4A-11D0-8D11-00A0C91BC942}") = "tut33", "tut33\tut33.vcxproj", "{59B82352-C979-4167-B928-45F312F94989}"
EndProject
Project("{8BC9CEB8-8B4A-11D0-8D11-00A0C91BC942}") = "tut34", "tut34\tut34.vcxproj", "{A29A229F-F15D-4A16-939E-05B087EBD132}"
EndProject
Project("{8BC9CEB8-8B4A-11D0-8D11-00A0C91BC942}") = "tut35", "tut35\tut35.vcxproj", "{C6DC0B70-00CF-4C7C-A5B7-1B99549A507B}"
EndProject
Project("{8BC9CEB8-8B4A-11D0-8D11-00A0C91BC942}") = "tut36", "tut36\tut36.vcxproj", "{6A8896F5-A11D-4463-A29B-B3BEF80137A4}"
EndProject
Project("{8BC9CEB8-8B4A-11D0-8D11-00A0C91BC942}") = "tut37", "tut37\tut37.vcxproj", "{11A22669-1635-4C99-8671-A6031A77237E}"
EndProject
Project("{8BC9CEB8-8B4A-11D0-8D11-00A0C91BC942}") = "tut38", "tut38\tut38.vcxproj", "{C5919E67-BC50-4E7A-AF76-DA66EEF77E78}"
EndProject
Project("{8BC9CEB8-8B4A-11D0-8D11-00A0C91BC942}") = "tut39", "tut39\tut39.vcxproj", "{55F81E91-8CFB-4AD5-BBBB-3FE69CFB6D73}"
EndProject
Project("{8BC9CEB8-8B4A-11D0-8D11-00A0C91BC942}") = "tut40", "tut40\tut40.vcxproj", "{B36031E0-AEFE-456C-A0B9-49B4DEE3350B}"
EndProject
Project("{8BC9CEB8-8B4A-11D0-8D11-00A0C91BC942}") = "tut41", "tut41\tut41.vcxproj", "{61DD84E7-996C-44AD-ABF1-E3D504FF8975}"
EndProject
Global
	GlobalSection(SolutionConfigurationPlatforms) = preSolution
		Debug|x64 = Debug|x64
		Debug|x86 = Debug|x86
		Release|x64 = Release|x64
		Release|x86 = Release|x86
	EndGlobalSection
	GlobalSection(ProjectConfigurationPlatforms) = postSolution
		{93539B27-5B80-4D72-8AC9-B6C008DDCA5E}.Debug|x64.ActiveCfg = Debug|x64
		{93539B27-5B80-4D72-8AC9-B6C008DDCA5E}.Debug|x64.Build.0 = Debug|x64
		{93539B27-5B80-4D72-8AC9-B6C008DDCA5E}.Debug|x86.ActiveCfg = Debug|Win32
		{93539B27-5B80-4D72-8AC9-B6C008DDCA5E}.Debug|x86.Build.0 = Debug|Win32
		{93539B27-5B80-4D72-8AC9-B6C008DDCA5E}.Release|x64.ActiveCfg = Release|x64
		{93539B27-5B80-4D72-8AC9-B6C008DDCA5E}.Release|x64.Build.0 = Release|x64
		{93539B27-5B80-4D72-8AC9-B6C008DDCA5E}.Release|x86.ActiveCfg = Release|Win32
		{93539B27-5B80-4D72-8AC9-B6C008DDCA5E}.Release|x86.Build.0 = Release|Win32
		{C1F50FC3-2B17-41C4-94E0-ED8423E03693}.Debug|x64.ActiveCfg = Debug|x64
		{C1F50FC3-2B17-41C4-94E0-ED8423E03693}.Debug|x64.Build.0 = Debug|x64
		{C1F50FC3-2B17-41C4-94E0-ED8423E03693}.Debug|x86.ActiveCfg = Debug|Win32
		{C1F50FC3-2B17-41C4-94E0-ED8423E03693}.Debug|x86.Build.0 = Debug|Win32
		{C1F50FC3-2B17-41C4-94E0-ED8423E03693}.Release|x64.ActiveCfg = Release|x64
		{C1F50FC3-2B17-41C4-94E0-ED8423E03693}.Release|x64.Build.0 = Release|x64
		{C1F50FC3-2B17-41C4-94E0-ED8423E03693}.Release|x86.ActiveCfg = Release|Win32
		{C1F50FC3-2B17-41C4-94E0-ED8423E03693}.Release|x86.Build.0 = Release|Win32
		{0024FF45-B73D-42ED-9BAE-2F9F33DB9109}.Debug|x64.ActiveCfg = Debug|x64
		{0024FF45-B73D-42ED-9BAE-2F9F33DB9109}.Debug|x64.Build.0 = Debug|x64
		{0024FF45-B73D-42ED-9BAE-2F9F33DB9109}.Debug|x86.ActiveCfg = Debug|Win32
		{0024FF45-B73D-42ED-9BAE-2F9F33DB9109}.Debug|x86.Build.0 = Debug|Win32
		{0024FF45-B73D-42ED-9BAE-2F9F33DB9109}.Release|x64.ActiveCfg = Release|x64
		{0024FF45-B73D-42ED-9BAE-2F9F33DB9109}.Release|x64.Build.0 = Release|x64
		{0024FF45-B73D-42ED-9BAE-2F9F33DB9109}.Release|x86.ActiveCfg = Release|Win32
		{0024FF45-B73D-42ED-9BAE-2F9F33DB9109}.Release|x86.Build.0 = Release|Win32
		{102F35C7-9D0E-43C8-9E72-90EBCCA9C548}.Debug|x64.ActiveCfg = Debug|x64
		{102F35C7-9D0E-43C8-9E72-90EBCCA9C548}.Debug|x64.Build.0 = Debug|x64
		{102F35C7-9D0E-43C8-9E72-90EBCCA9C548}.Debug|x86.ActiveCfg = Debug|Win32
		{102F35C7-9D0E-43C8-9E72-90EBCCA9C548}.Debug|x86.Build.0 = Debug|Win32
		{102F35C7-9D0E-43C8-9E72-90EBCCA9C548}.Release|x64.ActiveCfg = Release|x64
		{102F35C7-9D0E-43C8-9E72-90EBCCA9C548}.Release|x64.Build.0 = Release|x64
		{102F35C7-9D0E-43C8-9E72-90EBCCA9C548}.Release|x86.ActiveCfg = Release|Win32
		{102F35C7-9D0E-43C8-9E72-90EBCCA9C548}.Release|x86.Build.0 = Release|Win32
		{68141066-910A-4A77-82B6-FB22719A5F1E}.Debug|x64.ActiveCfg = Debug|x64
		{68141066-910A-4A77-82B6-FB22719A5F1E}.Debug|x64.Build.0 = Debug|x64
		{68141066-910A-4A77-82B6-FB22719A5F1E}.Debug|x86.ActiveCfg = Debug|Win32
		{68141066-910A-4A77-82B6-FB22719A5F1E}.Debug|x86.Build.0 = Debug|Win32
		{68141066-910A-4A77-82B6-FB22719A5F1E}.Release|x64.ActiveCfg = Release|x64
		{68141066-910A-4A77-82B6-FB22719A5F1E}.Release|x64.Build.0 = Release|x64
		{68141066-910A-4A77-82B6-FB22719A5F1E}.Release|x86.ActiveCfg = Release|Win32
		{68141066-910A-4A77-82B6-FB22719A5F1E}.Release|x86.Build.0 = Release|Win32
		{10BC55DA-FDE9-454D-9C95-932D6991C464}.Debug|x64.ActiveCfg = Debug|x64
		{10BC55DA-FDE9-454D-9C95-932D6991C464}.Debug|x64.Build.0 = Debug|x64
		{10BC55DA-FDE9-454D-9C95-932D6991C464}.Debug|x86.ActiveCfg = Debug|Win32
		{10BC55DA-FDE9-454D-9C95-932D6991C464}.Debug|x86.Build.0 = Debug|Win32
		{10BC55DA-FDE9-454D-9C95-932D6991C464}.Release|x64.ActiveCfg = Release|x64
		{10BC55DA-FDE9-454D-9C95-932D6991C464}.Release|x64.Build.0 = Release|x64
		{10BC55DA-FDE9-454D-9C95-932D6991C464}.Release|x86.ActiveCfg = Release|Win32
		{10BC55DA-FDE9-454D-9C95-932D6991C464}.Release|x86.Build.0 = Release|Win32
		{213CCF7E-66BA-456A-8A77-2BBF53587404}.Debug|x64.ActiveCfg = Debug|x64
		{213CCF7E-66BA-456A-8A77-2BBF53587404}.Debug|x64.Build.0 = Debug|x64
		{213CCF7E-66BA-456A-8A77-2BBF53587404}.Debug|x86.ActiveCfg = Debug|Win32
		{213CCF7E-66BA-456A-8A77-2BBF53587404}.Debug|x86.Build.0 = Debug|Win32
		{213CCF7E-66BA-456A-8A77-2BBF53587404}.Release|x64.ActiveCfg = Release|x64
		{213CCF7E-66BA-456A-8A77-2BBF53587404}.Release|x64.Build.0 = Release|x64
		{213CCF7E-66BA-456A-8A77-2BBF53587404}.Release|x86.ActiveCfg = Release|Win32
		{213CCF7E-66BA-456A-8A77-2BBF53587404}.Release|x86.Build.0 = Release|Win32
		{7A170BEE-7CCD-4047-8C43-45D9581647D2}.Debug|x64.ActiveCfg = Debug|x64
		{7A170BEE-7CCD-4047-8C43-45D9581647D2}.Debug|x64.Build.0 = Debug|x64
		{7A170BEE-7CCD-4047-8C43-45D9581647D2}.Debug|x86.ActiveCfg = Debug|Win32
		{7A170BEE-7CCD-4047-8C43-45D9581647D2}.Debug|x86.Build.0 = Debug|Win32
		{7A170BEE-7CCD-4047-8C43-45D9581647D2}.Release|x64.ActiveCfg = Release|x64
		{7A170BEE-7CCD-4047-8C43-45D9581647D2}.Release|x64.Build.0 = Release|x64
		{7A170BEE-7CCD-4047-8C43-45D9581647D2}.Release|x86.ActiveCfg = Release|Win32
		{7A170BEE-7CCD-4047-8C43-45D9581647D2}.Release|x86.Build.0 = Release|Win32
		{96608650-0F06-4CFF-88F2-01CB7F1A8C1C}.Debug|x64.ActiveCfg = Debug|x64
		{96608650-0F06-4CFF-88F2-01CB7F1A8C1C}.Debug|x64.Build.0 = Debug|x64
		{96608650-0F06-4CFF-88F2-01CB7F1A8C1C}.Debug|x86.ActiveCfg = Debug|Win32
		{96608650-0F06-4CFF-88F2-01CB7F1A8C1C}.Debug|x86.Build.0 = Debug|Win32
		{96608650-0F06-4CFF-88F2-01CB7F1A8C1C}.Release|x64.ActiveCfg = Release|x64
		{96608650-0F06-4CFF-88F2-01CB7F1A8C1C}.Release|x64.Build.0 = Release|x64
		{96608650-0F06-4CFF-88F2-01CB7F1A8C1C}.Release|x86.ActiveCfg = Release|Win32
		{96608650-0F06-4CFF-88F2-01CB7F1A8C1C}.Release|x86.Build.0 = Release|Win32
		{E22002A7-1397-40ED-BE6B-B23C6C57A160}.Debug|x64.ActiveCfg = Debug|x64
		{E22002A7-1397-40ED-BE6B-B23C6C57A160}.Debug|x64.Build.0 = Debug|x64
		{E22002A7-1397-40ED-BE6B-B23C6C57A160}.Debug|x86.ActiveCfg = Debug|Win32
		{E22002A7-1397-40ED-BE6B-B23C6C57A160}.Debug|x86.Build.0 = Debug|Win32
		{E22002A7-1397-40ED-BE6B-B23C6C57A160}.Release|x64.ActiveCfg = Release|x64
		{E22002A7-1397-40ED-BE6B-B23C6C57A160}.Release|x64.Build.0 = Release|x64
		{E22002A7-1397-40ED-BE6B-B23C6C57A160}.Release|x86.ActiveCfg = Release|Win32
		{E22002A7-1397-40ED-BE6B-B23C6C57A160}.Release|x86.Build.0 = Release|Win32
		{EA02DD81-CF53-4D29-927B-52FD9ED2BDAE}.Debug|x64.ActiveCfg = Debug|x64
		{EA02DD81-CF53-4D29-927B-52FD9ED2BDAE}.Debug|x64.Build.0 = Debug|x64
		{EA02DD81-CF53-4D29-927B-52FD9ED2BDAE}.Debug|x86.ActiveCfg = Debug|Win32
		{EA02DD81-CF53-4D29-927B-52FD9ED2BDAE}.Debug|x86.Build.0 = Debug|Win32
		{EA02DD81-CF53-4D29-927B-52FD9ED2BDAE}.Release|x64.ActiveCfg = Release|x64
		{EA02DD81-CF53-4D29-927B-52FD9ED2BDAE}.Release|x64.Build.0 = Release|x64
		{EA02DD81-CF53-4D29-927B-52FD9ED2BDAE}.Release|x86.ActiveCfg = Release|Win32
		{EA02DD81-CF53-4D29-927B-52FD9ED2BDAE}.Release|x86.Build.0 = Release|Win32
		{10CD4A13-DF21-48FB-991D-F321539FE3B2}.Debug|x64.ActiveCfg = Debug|x64
		{10CD4A13-DF21-48FB-991D-F321539FE3B2}.Debug|x64.Build.0 = Debug|x64
		{10CD4A13-DF21-48FB-991D-F321539FE3B2}.Debug|x86.ActiveCfg = Debug|Win32
		{10CD4A13-DF21-48FB-991D-F321539FE3B2}.Debug|x86.Build.0 = Debug|Win32
		{10CD4A13-DF21-48FB-991D-F321539FE3B2}.Release|x64.ActiveCfg = Release|x64
		{10CD4A13-DF21-48FB-991D-F321539FE3B2}.Release|x64.Build.0 = Release|x64
		{10CD4A13-DF21-48FB-991D-F321539FE3B2}.Release|x86.ActiveCfg = Release|Win32
		{10CD4A13-DF21-48FB-991D-F321539FE3B2}.Release|x86.Build.0 = Release|Win32
		{FB39FA40-62E8-4931-BF69-D0B1E37D7BAC}.Debug|x64.ActiveCfg = Debug|x64
		{FB39FA40-62E8-4931-BF69-D0B1E37D7BAC}.Debug|x64.Build.0 = Debug|x64
		{FB39FA40-62E8-4931-BF69-D0B1E37D7BAC}.Debug|x86.ActiveCfg = Debug|Win32
		{FB39FA40-62E8-4931-BF69-D0B1E37D7BAC}.Debug|x86.Build.0 = Debug|Win32
		{FB39FA40-62E8-4931-BF69-D0B1E37D7BAC}.Release|x64.ActiveCfg = Release|x64
		{FB39FA40-62E8-4931-BF69-D0B1E37D7BAC}.Release|x64.Build.0 = Release|x64
		{FB39FA40-62E8-4931-BF69-D0B1E37D7BAC}.Release|x86.ActiveCfg = Release|Win32
		{FB39FA40-62E8-4931-BF69-D0B1E37D7BAC}.Release|x86.Build.0 = Release|Win32
		{E8F36D1C-0A17-40A4-B4F0-3923B9BB6994}.Debug|x64.ActiveCfg = Debug|x64
		{E8F36D1C-0A17-40A4-B4F0-3923B9BB6994}.Debug|x64.Build.0 = Debug|x64
		{E8F36D1C-0A17-40A4-B4F0-3923B9BB6994}.Debug|x86.ActiveCfg = Debug|Win32
		{E8F36D1C-0A17-40A4-B4F0-3923B9BB6994}.Debug|x86.Build.0 = Debug|Win32
		{E8F36D1C-0A17-40A4-B4F0-3923B9BB6994}.Release|x64.ActiveCfg = Release|x64
		{E8F36D1C-0A17-40A4-B4F0-3923B9BB6994}.Release|x64.Build.0 = Release|x64
		{E8F36D1C-0A17-40A4-B4F0-3923B9BB6994}.Release|x86.ActiveCfg = Release|Win32
		{E8F36D1C-0A17-40A4-B4F0-3923B9BB6994}.Release|x86.Build.0 = Release|Win32
		{299FDEC9-D4D9-4F83-8F15-84B7ABC8FD27}.Debug|x64.ActiveCfg = Debug|x64
		{299FDEC9-D4D9-4F83-8F15-84B7ABC8FD27}.Debug|x64.Build.0 = Debug|x64
		{299FDEC9-D4D9-4F83-8F15-84B7ABC8FD27}.Debug|x86.ActiveCfg = Debug|Win32
		{299FDEC9-D4D9-4F83-8F15-84B7ABC8FD27}.Debug|x86.Build.0 = Debug|Win32
		{299FDEC9-D4D9-4F83-8F15-84B7ABC8FD27}.Release|x64.ActiveCfg = Release|x64
		{299FDEC9-D4D9-4F83-8F15-84B7ABC8FD27}.Release|x64.Build.0 = Release|x64
		{299FDEC9-D4D9-4F83-8F15-84B7ABC8FD27}.Release|x86.ActiveCfg = Release|Win32
		{299FDEC9-D4D9-4F83-8F15-84B7ABC8FD27}.Release|x86.Build.0 = Release|Win32
		{E7F1DEF0-03AB-43F7-B87D-F21C9F9C1C6E}.Debug|x64.ActiveCfg = Debug|x64
		{E7F1DEF0-03AB-43F7-B87D-F21C9F9C1C6E}.Debug|x64.Build.0 = Debug|x64
		{E7F1DEF0-03AB-43F7-B87D-F21C9F9C1C6E}.Debug|x86.ActiveCfg = Debug|Win32
		{E7F1DEF0-03AB-43F7-B87D-F21C9F9C1C6E}.Debug|x86.Build.0 = Debug|Win32
		{E7F1DEF0-03AB-43F7-B87D-F21C9F9C1C6E}.Release|x64.ActiveCfg = Release|x64
		{E7F1DEF0-03AB-43F7-B87D-F21C9F9C1C6E}.Release|x64.Build.0 = Release|x64
		{E7F1DEF0-03AB-43F7-B87D-F21C9F9C1C6E}.Release|x86.ActiveCfg = Release|Win32
		{E7F1DEF0-03AB-43F7-B87D-F21C9F9C1C6E}.Release|x86.Build.0 = Release|Win32
		{1B60FFA9-31CC-4FB4-8350-AE72C19D584D}.Debug|x64.ActiveCfg = Debug|x64
		{1B60FFA9-31CC-4FB4-8350-AE72C19D584D}.Debug|x64.Build.0 = Debug|x64
		{1B60FFA9-31CC-4FB4-8350-AE72C19D584D}.Debug|x86.ActiveCfg = Debug|Win32
		{1B60FFA9-31CC-4FB4-8350-AE72C19D584D}.Debug|x86.Build.0 = Debug|Win32
		{1B60FFA9-31CC-4FB4-8350-AE72C19D584D}.Release|x64.ActiveCfg = Release|x64
		{1B60FFA9-31CC-4FB4-8350-AE72C19D584D}.Release|x64.Build.0 = Release|x64
		{1B60FFA9-31CC-4FB4-8350-AE72C19D584D}.Release|x86.ActiveCfg = Release|Win32
		{1B60FFA9-31CC-4FB4-8350-AE72C19D584D}.Release|x86.Build.0 = Release|Win32
		{4B998B20-4C04-4EE9-AE09-E7E06DE0DD82}.Debug|x64.ActiveCfg = Debug|x64
		{4B998B20-4C04-4EE9-AE09-E7E06DE0DD82}.Debug|x64.Build.0 = Debug|x64
		{4B998B20-4C04-4EE9-AE09-E7E06DE0DD82}.Debug|x86.ActiveCfg = Debug|Win32
		{4B998B20-4C04-4EE9-AE09-E7E06DE0DD82}.Debug|x86.Build.0 = Debug|Win32
		{4B998B20-4C04-4EE9-AE09-E7E06DE0DD82}.Release|x64.ActiveCfg = Release|x64
		{4B998B20-4C04-4EE9-AE09-E7E06DE0DD82}.Release|x64.Build.0 = Release|x64
		{4B998B20-4C04-4EE9-AE09-E7E06DE0DD82}.Release|x86.ActiveCfg = Release|Win32
		{4B998B20-4C04-4EE9-AE09-E7E06DE0DD82}.Release|x86.Build.0 = Release|Win32
		{7D583E55-6208-46B2-A9A3-7F2F33C26F64}.Debug|x64.ActiveCfg = Debug|x64
		{7D583E55-6208-46B2-A9A3-7F2F33C26F64}.Debug|x64.Build.0 = Debug|x64
		{7D583E55-6208-46B2-A9A3-7F2F33C26F64}.Debug|x86.ActiveCfg = Debug|Win32
		{7D583E55-6208-46B2-A9A3-7F2F33C26F64}.Debug|x86.Build.0 = Debug|Win32
		{7D583E55-6208-46B2-A9A3-7F2F33C26F64}.Release|x64.ActiveCfg = Release|x64
		{7D583E55-6208-46B2-A9A3-7F2F33C26F64}.Release|x64.Build.0 = Release|x64
		{7D583E55-6208-46B2-A9A3-7F2F33C26F64}.Release|x86.ActiveCfg = Release|Win32
		{7D583E55-6208-46B2-A9A3-7F2F33C26F64}.Release|x86.Build.0 = Release|Win32
		{4CA0A033-FBA2-4AF8-B60B-36E75B376286}.Debug|x64.ActiveCfg = Debug|x64
		{4CA0A033-FBA2-4AF8-B60B-36E75B376286}.Debug|x64.Build.0 = Debug|x64
		{4CA0A033-FBA2-4AF8-B60B-36E75B376286}.Debug|x86.ActiveCfg = Debug|Win32
		{4CA0A033-FBA2-4AF8-B60B-36E75B376286}.Debug|x86.Build.0 = Debug|Win32
		{4CA0A033-FBA2-4AF8-B60B-36E75B376286}.Release|x64.ActiveCfg = Release|x64
		{4CA0A033-FBA2-4AF8-B60B-36E75B376286}.Release|x64.Build.0 = Release|x64
		{4CA0A033-FBA2-4AF8-B60B-36E75B376286}.Release|x86.ActiveCfg = Release|Win32
		{4CA0A033-FBA2-4AF8-B60B-36E75B376286}.Release|x86.Build.0 = Release|Win32
		{870D5728-4989-48E7-9895-656D4221E4C6}.Debug|x64.ActiveCfg = Debug|x64
		{870D5728-4989-48E7-9895-656D4221E4C6}.Debug|x64.Build.0 = Debug|x64
		{870D5728-4989-48E7-9895-656D4221E4C6}.Debug|x86.ActiveCfg = Debug|Win32
		{870D5728-4989-48E7-9895-656D4221E4C6}.Debug|x86.Build.0 = Debug|Win32
		{870D5728-4989-48E7-9895-656D4221E4C6}.Release|x64.ActiveCfg = Release|x64
		{870D5728-4989-48E7-9895-656D4221E4C6}.Release|x64.Build.0 = Release|x64
		{870D5728-4989-48E7-9895-656D4221E4C6}.Release|x86.ActiveCfg = Release|Win32
		{870D5728-4989-48E7-9895-656D4221E4C6}.Release|x86.Build.0 = Release|Win32
		{AF426790-496F-44CF-99DD-BC7DA2EF7CAF}.Debug|x64.ActiveCfg = Debug|x64
		{AF426790-496F-44CF-99DD-BC7DA2EF7CAF}.Debug|x64.Build.0 = Debug|x64
		{AF426790-496F-44CF-99DD-BC7DA2EF7CAF}.Debug|x86.ActiveCfg = Debug|Win32
		{AF426790-496F-44CF-99DD-BC7DA2EF7CAF}.Debug|x86.Build.0 = Debug|Win32
		{AF426790-496F-44CF-99DD-BC7DA2EF7CAF}.Release|x64.ActiveCfg = Release|x64
		{AF426790-496F-44CF-99DD-BC7DA2EF7CAF}.Release|x64.Build.0 = Release|x64
		{AF426790-496F-44CF-99DD-BC7DA2EF7CAF}.Release|x86.ActiveCfg = Release|Win32
		{AF426790-496F-44CF-99DD-BC7DA2EF7CAF}.Release|x86.Build.0 = Release|Win32
		{F00B6A00-7DA8-407C-81EF-0F178B492901}.Debug|x64.ActiveCfg = Debug|x64
		{F00B6A00-7DA8-407C-81EF-0F178B492901}.Debug|x64.Build.0 = Debug|x64
		{F00B6A00-7DA8-407C-81EF-0F178B492901}.Debug|x86.ActiveCfg = Debug|Win32
		{F00B6A00-7DA8-407C-81EF-0F178B492901}.Debug|x86.Build.0 = Debug|Win32
		{F00B6A00-7DA8-407C-81EF-0F178B492901}.Release|x64.ActiveCfg = Release|x64
		{F00B6A00-7DA8-407C-81EF-0F178B492901}.Release|x64.Build.0 = Release|x64
		{F00B6A00-7DA8-407C-81EF-0F178B492901}.Release|x86.ActiveCfg = Release|Win32
		{F00B6A00-7DA8-407C-81EF-0F178B492901}.Release|x86.Build.0 = Release|Win32
		{42DABF34-93CF-40A0-9F65-B6A8BF5FF3FA}.Debug|x64.ActiveCfg = Debug|x64
		{42DABF34-93CF-40A0-9F65-B6A8BF5FF3FA}.Debug|x64.Build.0 = Debug|x64
		{42DABF34-93CF-40A0-9F65-B6A8BF5FF3FA}.Debug|x86.ActiveCfg = Debug|Win32
		{42DABF34-93CF-40A0-9F65-B6A8BF5FF3FA}.Debug|x86.Build.0 = Debug|Win32
		{42DABF34-93CF-40A0-9F65-B6A8BF5FF3FA}.Release|x64.ActiveCfg = Release|x64
		{42DABF34-93CF-40A0-9F65-B6A8BF5FF3FA}.Release|x64.Build.0 = Release|x64
		{42DABF34-93CF-40A0-9F65-B6A8BF5FF3FA}.Release|x86.ActiveCfg = Release|Win32
		{42DABF34-93CF-40A0-9F65-B6A8BF5FF3FA}.Release|x86.Build.0 = Release|Win32
		{620B724F-FEB2-41FB-9BC7-07241A33D502}.Debug|x64.ActiveCfg = Debug|x64
		{620B724F-FEB2-41FB-9BC7-07241A33D502}.Debug|x64.Build.0 = Debug|x64
		{620B724F-FEB2-41FB-9BC7-07241A33D502}.Debug|x86.ActiveCfg = Debug|Win32
		{620B724F-FEB2-41FB-9BC7-07241A33D502}.Debug|x86.Build.0 = Debug|Win32
		{620B724F-FEB2-41FB-9BC7-07241A33D502}.Release|x64.ActiveCfg = Release|x64
		{620B724F-FEB2-41FB-9BC7-07241A33D502}.Release|x64.Build.0 = Release|x64
		{620B724F-FEB2-41FB-9BC7-07241A33D502}.Release|x86.ActiveCfg = Release|Win32
		{620B724F-FEB2-41FB-9BC7-07241A33D502}.Release|x86.Build.0 = Release|Win32
		{CE1E5B3A-CB2F-4784-8896-F1C1AE5A4CCF}.Debug|x64.ActiveCfg = Debug|x64
		{CE1E5B3A-CB2F-4784-8896-F1C1AE5A4CCF}.Debug|x64.Build.0 = Debug|x64
		{CE1E5B3A-CB2F-4784-8896-F1C1AE5A4CCF}.Debug|x86.ActiveCfg = Debug|Win32
		{CE1E5B3A-CB2F-4784-8896-F1C1AE5A4CCF}.Debug|x86.Build.0 = Debug|Win32
		{CE1E5B3A-CB2F-4784-8896-F1C1AE5A4CCF}.Release|x64.ActiveCfg = Release|x64
		{CE1E5B3A-CB2F-4784-8896-F1C1AE5A4CCF}.Release|x64.Build.0 = Release|x64
		{CE1E5B3A-CB2F-4784-8896-F1C1AE5A4CCF}.Release|x86.ActiveCfg = Release|Win32
		{CE1E5B3A-CB2F-4784-8896-F1C1AE5A4CCF}.Release|x86.Build.0 = Release|Win32
		{59B82352-C979-4167-B928-45F312F94989}.Debug|x64.ActiveCfg = Debug|x64
		{59B82352-C979-4167-B928-45F312F94989}.Debug|x64.Build.0 = Debug|x64
		{59B82352-C979-4167-B928-45F312F94989}.Debug|x86.ActiveCfg = Debug|Win32
		{59B82352-C979-4167-B928-45F312F94989}.Debug|x86.Build.0 = Debug|Win32
		{59B82352-C979-4167-B928-45F312F94989}.Release|x64.ActiveCfg = Release|x64
		{59B82352-C979-4167-B928-45F312F94989}.Release|x64.Build.0 = Release|x64
		{59B82352-C979-4167-B928-45F312F94989}.Release|x86.ActiveCfg = Release|Win32
		{59B82352-C979-4167-B928-45F312F94989}.Release|x86.Build.0 = Release|Win32
		{A29A229F-F15D-4A16-939E-05B087EBD132}.Debug|x64.ActiveCfg = Debug|x64
		{A29A229F-F15D-4A16-939E-05B087EBD132}.Debug|x64.Build.0 = Debug|x64
		{A29A229F-F15D-4A16-939E-05B087EBD132}.Debug|x86.ActiveCfg = Debug|Win32
		{A29A229F-F15D-4A16-939E-05B087EBD132}.Debug|x86.Build.0 = Debug|Win32
		{A29A229F-F15D-4A16-939E-05B087EBD132}.Release|x64.ActiveCfg = Release|x64
		{A29A229F-F15D-4A16-939E-05B087EBD132}.Release|x64.Build.0 = Release|x64
		{A29A229F-F15D-4A16-939E-05B087EBD132}.Release|x86.ActiveCfg = Release|Win32
		{A29A229F-F15D-4A16-939E-05B087EBD132}.Release|x86.Build.0 = Release|Win32
		{C6DC0B70-00CF-4C7C-A5B7-1B99549A507B}.Debug|x64.ActiveCfg = Debug|x64
		{C6DC0B70-00CF-4C7C-A5B7-1B99549A507B}.Debug|x64.Build.0 = Debug|x64
		{C6DC0B70-00CF-4C7C-A5B7-1B99549A507B}.Debug|x86.ActiveCfg = Debug|Win32
		{C6DC0B70-00CF-4C7C-A5B7-1B99549A507B}.Debug|x86.Build.0 = Debug|Win32
		{C6DC0B70-00CF-4C7C-A5B7-1B99549A507B}.Release|x64.ActiveCfg = Release|x64
		{C6DC0B70-00CF-4C7C-A5B7-1B99549A507B}.Release|x64.Build.0 = Release|x64
		{C6DC0B70-00CF-4C7C-A5B7-1B99549A507B}.Release|x86.ActiveCfg = Release|Win32
		{C6DC0B70-00CF-4C7C-A5B7-1B99549A507B}.Release|x86.Build.0 = Release|Win32
		{6A8896F5-A11D-4463-A29B-B3BEF80137A4}.Debug|x64.ActiveCfg = Debug|x64
		{6A8896F5-A11D-4463-A29B-B3BEF80137A4}.Debug|x64.Build.0 = Debug|x64
		{6A8896F5-A11D-4463-A29B-B3BEF80137A4}.Debug|x86.ActiveCfg = Debug|Win32
		{6A8896F5-A11D-4463-A29B-B3BEF80137A4}.Debug|x86.Build.0 = Debug|Win32
		{6A8896F5-A11D-4463-A29B-B3BEF80137A4}.Release|x64.ActiveCfg = Release|x64
		{6A8896F5-A11D-4463-A29B-B3BEF80137A4}.Release|x64.Build.0 = Release|x64
		{6A8896F5-A11D-4463-A29B-B3BEF80137A4}.Release|x86.ActiveCfg = Release|Win32
		{6A8896F5-A11D-4463-A29B-B3BEF80137A4}.Release|x86.Build.0 = Release|Win32
		{11A22669-1635-4C99-8671-A6031A77237E}.Debug|x64.ActiveCfg = Debug|x64
		{11A22669-1635-4C99-8671-A6031A77237E}.Debug|x64.Build.0 = Debug|x64
		{11A22669-1635-4C99-8671-A6031A77237E}.Debug|x86.ActiveCfg = Debug|Win32
		{11A22669-1635-4C99-8671-A6031A77237E}.Debug|x86.Build.0 = Debug|Win32
		{11A22669-1635-4C99-8671-A6031A77237E}.Release|x64.ActiveCfg = Release|x64
		{11A22669-1635-4C99-8671-A6031A77237E}.Release|x64.Build.0 = Release|x64
		{11A22669-1635-4C99-8671-A6031A77237E}.Release|x86.ActiveCfg = Release|Win32
		{11A22669-1635-4C99-8671-A6031A77237E}.Release|x86.Build.0 = Release|Win32
		{C5919E67-BC50-4E7A-AF76-DA66EEF77E78}.Debug|x64.ActiveCfg = Debug|x64
		{C5919E67-BC50-4E7A-AF76-DA66EEF77E78}.Debug|x64.Build.0 = Debug|x64
		{C5919E67-BC50-4E7A-AF76-DA66EEF77E78}.Debug|x86.ActiveCfg = Debug|Win32
		{C5919E67-BC50-4E7A-AF76-DA66EEF77E78}.Debug|x86.Build.0 = Debug|Win32
		{C5919E67-BC50-4E7A-AF76-DA66EEF77E78}.Release|x64.ActiveCfg = Release|x64
		{C5919E67-BC50-4E7A-AF76-DA66EEF77E78}.Release|x64.Build.0 = Release|x64
		{C5919E67-BC50-4E7A-AF76-DA66EEF77E78}.Release|x86.ActiveCfg = Release|Win32
		{C5919E67-BC50-4E7A-AF76-DA66EEF77E78}.Release|x86.Build.0 = Release|Win32
		{55F81E91-8CFB-4AD5-BBBB-3FE69CFB6D73}.Debug|x64.ActiveCfg = Debug|x64
		{55F81E91-8CFB-4AD5-BBBB-3FE69CFB6D73}.Debug|x64.Build.0 = Debug|x64
		{55F81E91-8CFB-4AD5-BBBB-3FE69CFB6D73}.Debug|x86.ActiveCfg = Debug|Win32
		{55F81E91-8CFB-4AD5-BBBB-3FE69CFB6D73}.Debug|x86.Build.0 = Debug|Win32
		{55F81E91-8CFB-4AD5-BBBB-3FE69CFB6D73}.Release|x64.ActiveCfg = Release|x64
		{55F81E91-8CFB-4AD5-BBBB-3FE69CFB6D73}.Release|x64.Build.0 = Release|x64
		{55F81E91-8CFB-4AD5-BBBB-3FE69CFB6D73}.Release|x86.ActiveCfg = Release|Win32
		{55F81E91-8CFB-4AD5-BBBB-3FE69CFB6D73}.Release|x86.Build.0 = Release|Win32
		{B36031E0-AEFE-456C-A0B9-49B4DEE3350B}.Debug|x64.ActiveCfg = Debug|x64
		{B36031E0-AEFE-456C-A0B9-49B4DEE3350B}.Debug|x64.Build.0 = Debug|x64
		{B36031E0-AEFE-456C-A0B9-49B4DEE3350B}.Debug|x86.ActiveCfg = Debug|Win32
		{B36031E0-AEFE-456C-A0B9-49B4DEE3350B}.Debug|x86.Build.0 = Debug|Win32
		{B36031E0-AEFE-456C-A0B9-49B4DEE3350B}.Release|x64.ActiveCfg = Release|x64
		{B36031E0-AEFE-456C-A0B9-49B4DEE3350B}.Release|x64.Build.0 = Release|x64
		{B36031E0-AEFE-456C-A0B9-49B4DEE3350B}.Release|x86.ActiveCfg = Release|Win32
		{B36031E0-AEFE-456C-A0B9-49B4DEE3350B}.Release|x86.Build.0 = Release|Win32
		{61DD84E7-996C-44AD-ABF1-E3D504FF8975}.Debug|x64.ActiveCfg = Debug|x64
		{61DD84E7-996C-44AD-ABF1-E3D504FF8975}.Debug|x64.Build.0 = Debug|x64
		{61DD84E7-996C-44AD-ABF1-E3D504FF8975}.Debug|x86.ActiveCfg = Debug|Win32
		{61DD84E7-996C-44AD-ABF1-E3D504FF8975}.Debug|x86.Build.0 = Debug|Win32
		{61DD84E7-996C-44AD-ABF1-E3D504FF8975}.Release|x64.ActiveCfg = Release|x64
		{61DD84E7-996C-44AD-ABF1-E3D504FF8975}.Release|x64.Build.0 = Release|x64
		{61DD84E7-996C-44AD-ABF1-E3D504FF8975}.Release|x86.ActiveCfg = Release|Win32
		{61DD84E7-996C-44AD-ABF1-E3D504FF8975}.Release|x86.Build.0 = Release|Win32
	EndGlobalSection
	GlobalSection(SolutionProperties) = preSolution
		HideSolutionNode = FALSE
	EndGlobalSection
	GlobalSection(ExtensibilityGlobals) = postSolution
		SolutionGuid = {20F7B75E-ABF8-41F3-8C7D-B156301C5B09}
	EndGlobalSection
EndGlobal
