
Microsoft Visual Studio Solution File, Format Version 12.00
# Visual Studio Version 16
VisualStudioVersion = 16.0.29025.244
MinimumVisualStudioVersion = 10.0.40219.1
Project("{8BC9CEB8-8B4A-11D0-8D11-00A0C91BC942}") = "tut0405", "tut0405\tut0405.vcxproj", "{93539B27-5B80-4D72-8AC9-B6C008DDCA5E}"
EndProject
Project("{8BC9CEB8-8B4A-11D0-8D11-00A0C91BC942}") = "tut06", "tut06\tut06.vcxproj", "{C1F50FC3-2B17-41C4-94E0-ED8423E03693}"
EndProject
Project("{8BC9CEB8-8B4A-11D0-8D11-00A0C91BC942}") = "tut07", "tut07\tut07.vcxproj", "{0024FF45-B73D-42ED-9BAE-2F9F33DB9109}"
EndProject
Project("{8BC9CEB8-8B4A-11D0-8D11-00A0C91BC942}") = "tut09", "tut09\tut09.vcxproj", "{102F35C7-9D0E-43C8-9E72-90EBCCA9C548}"
EndProject
Project("{8BC9CEB8-8B4A-11D0-8D11-00A0C91BC942}") = "tut10", "tut10\tut10.vcxproj", "{68141066-910A-4A77-82B6-FB22719A5F1E}"
EndProject
Project("{8BC9CEB8-8B4A-11D0-8D11-00A0C91BC942}") = "tut11", "tut11\tut11.vcxproj", "{10BC55DA-FDE9-454D-9C95-932D6991C464}"
EndProject
Project("{8BC9CEB8-8B4A-11D0-8D11-00A0C91BC942}") = "tut12", "tut12\tut12.vcxproj", "{213CCF7E-66BA-456A-8A77-2BBF53587404}"
EndProject
Project("{8BC9CEB8-8B4A-11D0-8D11-00A0C91BC942}") = "tut13", "tut13\tut13.vcxproj", "{7A170BEE-7CCD-4047-8C43-45D9581647D2}"
EndProject
Project("{8BC9CEB8-8B4A-11D0-8D11-00A0C91BC942}") = "tut14", "tut14\tut14.vcxproj", "{96608650-0F06-4CFF-88F2-01CB7F1A8C1C}"
EndProject
Project("{8BC9CEB8-8B4A-11D0-8D11-00A0C91BC942}") = "tut15", "tut15\tut15.vcxproj", "{E22002A7-1397-40ED-BE6B-B23C6C57A160}"
EndProject
Project("{8BC9CEB8-8B4A-11D0-8D11-00A0C91BC942}") = "tut16", "tut16\tut16.vcxproj", "{EA02DD81-CF53-4D29-927B-52FD9ED2BDAE}"
EndProject
Project("{8BC9CEB8-8B4A-11D0-8D11-00A0C91BC942}") = "tut17", "tut17\tut17.vcxproj", "{10CD4A13-DF21-48FB-991D-F321539FE3B2}"
EndProject
Project("{8BC9CEB8-8B4A-11D0-8D11-00A0C91BC942}") = "tut18", "tut18\tut18.vcxproj", "{FB39FA40-62E8-4931-BF69-D0B1E37D7BAC}"
EndProject
Project("{8BC9CEB8-8B4A-11D0-8D11-00A0C91BC942}") = "tut19", "tut19\tut19.vcxproj", "{E8F36D1C-0A17-40A4-B4F0-3923B9BB6994}"
EndProject
Project("{8BC9CEB8-8B4A-11D0-8D11-00A0C91BC942}") = "tut20", "tut20\tut20.vcxproj", "{299FDEC9-D4D9-4F83-8F15-84B7ABC8FD27}"
EndProject
Global
	GlobalSection(SolutionConfigurationPlatforms) = preSolution
		Debug|x64 = Debug|x64
		Debug|x86 = Debug|x86
		Release|x64 = Release|x64
		Release|x86 = Release|x86
	EndGlobalSection
	GlobalSection(ProjectConfigurationPlatforms) = postSolution
		{93539B27-5B80-4D72-8AC9-B6C008DDCA5E}.Debug|x64.ActiveCfg = Debug|x64
		{93539B27-5B80-4D72-8AC9-B6C008DDCA5E}.Debug|x64.Build.0 = Debug|x64
		{93539B27-5B80-4D72-8AC9-B6C008DDCA5E}.Debug|x86.ActiveCfg = Debug|Win32
		{93539B27-5B80-4D72-8AC9-B6C008DDCA5E}.Debug|x86.Build.0 = Debug|Win32
		{93539B27-5B80-4D72-8AC9-B6C008DDCA5E}.Release|x64.ActiveCfg = Release|x64
		{93539B27-5B80-4D72-8AC9-B6C008DDCA5E}.Release|x64.Build.0 = Release|x64
		{93539B27-5B80-4D72-8AC9-B6C008DDCA5E}.Release|x86.ActiveCfg = Release|Win32
		{93539B27-5B80-4D72-8AC9-B6C008DDCA5E}.Release|x86.Build.0 = Release|Win32
		{C1F50FC3-2B17-41C4-94E0-ED8423E03693}.Debug|x64.ActiveCfg = Debug|x64
		{C1F50FC3-2B17-41C4-94E0-ED8423E03693}.Debug|x64.Build.0 = Debug|x64
		{C1F50FC3-2B17-41C4-94E0-ED8423E03693}.Debug|x86.ActiveCfg = Debug|Win32
		{C1F50FC3-2B17-41C4-94E0-ED8423E03693}.Debug|x86.Build.0 = Debug|Win32
		{C1F50FC3-2B17-41C4-94E0-ED8423E03693}.Release|x64.ActiveCfg = Release|x64
		{C1F50FC3-2B17-41C4-94E0-ED8423E03693}.Release|x64.Build.0 = Release|x64
		{C1F50FC3-2B17-41C4-94E0-ED8423E03693}.Release|x86.ActiveCfg = Release|Win32
		{C1F50FC3-2B17-41C4-94E0-ED8423E03693}.Release|x86.Build.0 = Release|Win32
		{0024FF45-B73D-42ED-9BAE-2F9F33DB9109}.Debug|x64.ActiveCfg = Debug|x64
		{0024FF45-B73D-42ED-9BAE-2F9F33DB9109}.Debug|x64.Build.0 = Debug|x64
		{0024FF45-B73D-42ED-9BAE-2F9F33DB9109}.Debug|x86.ActiveCfg = Debug|Win32
		{0024FF45-B73D-42ED-9BAE-2F9F33DB9109}.Debug|x86.Build.0 = Debug|Win32
		{0024FF45-B73D-42ED-9BAE-2F9F33DB9109}.Release|x64.ActiveCfg = Release|x64
		{0024FF45-B73D-42ED-9BAE-2F9F33DB9109}.Release|x64.Build.0 = Release|x64
		{0024FF45-B73D-42ED-9BAE-2F9F33DB9109}.Release|x86.ActiveCfg = Release|Win32
		{0024FF45-B73D-42ED-9BAE-2F9F33DB9109}.Release|x86.Build.0 = Release|Win32
		{102F35C7-9D0E-43C8-9E72-90EBCCA9C548}.Debug|x64.ActiveCfg = Debug|x64
		{102F35C7-9D0E-43C8-9E72-90EBCCA9C548}.Debug|x64.Build.0 = Debug|x64
		{102F35C7-9D0E-43C8-9E72-90EBCCA9C548}.Debug|x86.ActiveCfg = Debug|Win32
		{102F35C7-9D0E-43C8-9E72-90EBCCA9C548}.Debug|x86.Build.0 = Debug|Win32
		{102F35C7-9D0E-43C8-9E72-90EBCCA9C548}.Release|x64.ActiveCfg = Release|x64
		{102F35C7-9D0E-43C8-9E72-90EBCCA9C548}.Release|x64.Build.0 = Release|x64
		{102F35C7-9D0E-43C8-9E72-90EBCCA9C548}.Release|x86.ActiveCfg = Release|Win32
		{102F35C7-9D0E-43C8-9E72-90EBCCA9C548}.Release|x86.Build.0 = Release|Win32
		{68141066-910A-4A77-82B6-FB22719A5F1E}.Debug|x64.ActiveCfg = Debug|x64
		{68141066-910A-4A77-82B6-FB22719A5F1E}.Debug|x64.Build.0 = Debug|x64
		{68141066-910A-4A77-82B6-FB22719A5F1E}.Debug|x86.ActiveCfg = Debug|Win32
		{68141066-910A-4A77-82B6-FB22719A5F1E}.Debug|x86.Build.0 = Debug|Win32
		{68141066-910A-4A77-82B6-FB22719A5F1E}.Release|x64.ActiveCfg = Release|x64
		{68141066-910A-4A77-82B6-FB22719A5F1E}.Release|x64.Build.0 = Release|x64
		{68141066-910A-4A77-82B6-FB22719A5F1E}.Release|x86.ActiveCfg = Release|Win32
		{68141066-910A-4A77-82B6-FB22719A5F1E}.Release|x86.Build.0 = Release|Win32
		{10BC55DA-FDE9-454D-9C95-932D6991C464}.Debug|x64.ActiveCfg = Debug|x64
		{10BC55DA-FDE9-454D-9C95-932D6991C464}.Debug|x64.Build.0 = Debug|x64
		{10BC55DA-FDE9-454D-9C95-932D6991C464}.Debug|x86.ActiveCfg = Debug|Win32
		{10BC55DA-FDE9-454D-9C95-932D6991C464}.Debug|x86.Build.0 = Debug|Win32
		{10BC55DA-FDE9-454D-9C95-932D6991C464}.Release|x64.ActiveCfg = Release|x64
		{10BC55DA-FDE9-454D-9C95-932D6991C464}.Release|x64.Build.0 = Release|x64
		{10BC55DA-FDE9-454D-9C95-932D6991C464}.Release|x86.ActiveCfg = Release|Win32
		{10BC55DA-FDE9-454D-9C95-932D6991C464}.Release|x86.Build.0 = Release|Win32
		{213CCF7E-66BA-456A-8A77-2BBF53587404}.Debug|x64.ActiveCfg = Debug|x64
		{213CCF7E-66BA-456A-8A77-2BBF53587404}.Debug|x64.Build.0 = Debug|x64
		{213CCF7E-66BA-456A-8A77-2BBF53587404}.Debug|x86.ActiveCfg = Debug|Win32
		{213CCF7E-66BA-456A-8A77-2BBF53587404}.Debug|x86.Build.0 = Debug|Win32
		{213CCF7E-66BA-456A-8A77-2BBF53587404}.Release|x64.ActiveCfg = Release|x64
		{213CCF7E-66BA-456A-8A77-2BBF53587404}.Release|x64.Build.0 = Release|x64
		{213CCF7E-66BA-456A-8A77-2BBF53587404}.Release|x86.ActiveCfg = Release|Win32
		{213CCF7E-66BA-456A-8A77-2BBF53587404}.Release|x86.Build.0 = Release|Win32
		{7A170BEE-7CCD-4047-8C43-45D9581647D2}.Debug|x64.ActiveCfg = Debug|x64
		{7A170BEE-7CCD-4047-8C43-45D9581647D2}.Debug|x64.Build.0 = Debug|x64
		{7A170BEE-7CCD-4047-8C43-45D9581647D2}.Debug|x86.ActiveCfg = Debug|Win32
		{7A170BEE-7CCD-4047-8C43-45D9581647D2}.Debug|x86.Build.0 = Debug|Win32
		{7A170BEE-7CCD-4047-8C43-45D9581647D2}.Release|x64.ActiveCfg = Release|x64
		{7A170BEE-7CCD-4047-8C43-45D9581647D2}.Release|x64.Build.0 = Release|x64
		{7A170BEE-7CCD-4047-8C43-45D9581647D2}.Release|x86.ActiveCfg = Release|Win32
		{7A170BEE-7CCD-4047-8C43-45D9581647D2}.Release|x86.Build.0 = Release|Win32
		{96608650-0F06-4CFF-88F2-01CB7F1A8C1C}.Debug|x64.ActiveCfg = Debug|x64
		{96608650-0F06-4CFF-88F2-01CB7F1A8C1C}.Debug|x64.Build.0 = Debug|x64
		{96608650-0F06-4CFF-88F2-01CB7F1A8C1C}.Debug|x86.ActiveCfg = Debug|Win32
		{96608650-0F06-4CFF-88F2-01CB7F1A8C1C}.Debug|x86.Build.0 = Debug|Win32
		{96608650-0F06-4CFF-88F2-01CB7F1A8C1C}.Release|x64.ActiveCfg = Release|x64
		{96608650-0F06-4CFF-88F2-01CB7F1A8C1C}.Release|x64.Build.0 = Release|x64
		{96608650-0F06-4CFF-88F2-01CB7F1A8C1C}.Release|x86.ActiveCfg = Release|Win32
		{96608650-0F06-4CFF-88F2-01CB7F1A8C1C}.Release|x86.Build.0 = Release|Win32
		{E22002A7-1397-40ED-BE6B-B23C6C57A160}.Debug|x64.ActiveCfg = Debug|x64
		{E22002A7-1397-40ED-BE6B-B23C6C57A160}.Debug|x64.Build.0 = Debug|x64
		{E22002A7-1397-40ED-BE6B-B23C6C57A160}.Debug|x86.ActiveCfg = Debug|Win32
		{E22002A7-1397-40ED-BE6B-B23C6C57A160}.Debug|x86.Build.0 = Debug|Win32
		{E22002A7-1397-40ED-BE6B-B23C6C57A160}.Release|x64.ActiveCfg = Release|x64
		{E22002A7-1397-40ED-BE6B-B23C6C57A160}.Release|x64.Build.0 = Release|x64
		{E22002A7-1397-40ED-BE6B-B23C6C57A160}.Release|x86.ActiveCfg = Release|Win32
		{E22002A7-1397-40ED-BE6B-B23C6C57A160}.Release|x86.Build.0 = Release|Win32
		{EA02DD81-CF53-4D29-927B-52FD9ED2BDAE}.Debug|x64.ActiveCfg = Debug|x64
		{EA02DD81-CF53-4D29-927B-52FD9ED2BDAE}.Debug|x64.Build.0 = Debug|x64
		{EA02DD81-CF53-4D29-927B-52FD9ED2BDAE}.Debug|x86.ActiveCfg = Debug|Win32
		{EA02DD81-CF53-4D29-927B-52FD9ED2BDAE}.Debug|x86.Build.0 = Debug|Win32
		{EA02DD81-CF53-4D29-927B-52FD9ED2BDAE}.Release|x64.ActiveCfg = Release|x64
		{EA02DD81-CF53-4D29-927B-52FD9ED2BDAE}.Release|x64.Build.0 = Release|x64
		{EA02DD81-CF53-4D29-927B-52FD9ED2BDAE}.Release|x86.ActiveCfg = Release|Win32
		{EA02DD81-CF53-4D29-927B-52FD9ED2BDAE}.Release|x86.Build.0 = Release|Win32
		{10CD4A13-DF21-48FB-991D-F321539FE3B2}.Debug|x64.ActiveCfg = Debug|x64
		{10CD4A13-DF21-48FB-991D-F321539FE3B2}.Debug|x64.Build.0 = Debug|x64
		{10CD4A13-DF21-48FB-991D-F321539FE3B2}.Debug|x86.ActiveCfg = Debug|Win32
		{10CD4A13-DF21-48FB-991D-F321539FE3B2}.Debug|x86.Build.0 = Debug|Win32
		{10CD4A13-DF21-48FB-991D-F321539FE3B2}.Release|x64.ActiveCfg = Release|x64
		{10CD4A13-DF21-48FB-991D-F321539FE3B2}.Release|x64.Build.0 = Release|x64
		{10CD4A13-DF21-48FB-991D-F321539FE3B2}.Release|x86.ActiveCfg = Release|Win32
		{10CD4A13-DF21-48FB-991D-F321539FE3B2}.Release|x86.Build.0 = Release|Win32
		{FB39FA40-62E8-4931-BF69-D0B1E37D7BAC}.Debug|x64.ActiveCfg = Debug|x64
		{FB39FA40-62E8-4931-BF69-D0B1E37D7BAC}.Debug|x64.Build.0 = Debug|x64
		{FB39FA40-62E8-4931-BF69-D0B1E37D7BAC}.Debug|x86.ActiveCfg = Debug|Win32
		{FB39FA40-62E8-4931-BF69-D0B1E37D7BAC}.Debug|x86.Build.0 = Debug|Win32
		{FB39FA40-62E8-4931-BF69-D0B1E37D7BAC}.Release|x64.ActiveCfg = Release|x64
		{FB39FA40-62E8-4931-BF69-D0B1E37D7BAC}.Release|x64.Build.0 = Release|x64
		{FB39FA40-62E8-4931-BF69-D0B1E37D7BAC}.Release|x86.ActiveCfg = Release|Win32
		{FB39FA40-62E8-4931-BF69-D0B1E37D7BAC}.Release|x86.Build.0 = Release|Win32
		{E8F36D1C-0A17-40A4-B4F0-3923B9BB6994}.Debug|x64.ActiveCfg = Debug|x64
		{E8F36D1C-0A17-40A4-B4F0-3923B9BB6994}.Debug|x64.Build.0 = Debug|x64
		{E8F36D1C-0A17-40A4-B4F0-3923B9BB6994}.Debug|x86.ActiveCfg = Debug|Win32
		{E8F36D1C-0A17-40A4-B4F0-3923B9BB6994}.Debug|x86.Build.0 = Debug|Win32
		{E8F36D1C-0A17-40A4-B4F0-3923B9BB6994}.Release|x64.ActiveCfg = Release|x64
		{E8F36D1C-0A17-40A4-B4F0-3923B9BB6994}.Release|x64.Build.0 = Release|x64
		{E8F36D1C-0A17-40A4-B4F0-3923B9BB6994}.Release|x86.ActiveCfg = Release|Win32
		{E8F36D1C-0A17-40A4-B4F0-3923B9BB6994}.Release|x86.Build.0 = Release|Win32
		{299FDEC9-D4D9-4F83-8F15-84B7ABC8FD27}.Debug|x64.ActiveCfg = Debug|x64
		{299FDEC9-D4D9-4F83-8F15-84B7ABC8FD27}.Debug|x64.Build.0 = Debug|x64
		{299FDEC9-D4D9-4F83-8F15-84B7ABC8FD27}.Debug|x86.ActiveCfg = Debug|Win32
		{299FDEC9-D4D9-4F83-8F15-84B7ABC8FD27}.Debug|x86.Build.0 = Debug|Win32
		{299FDEC9-D4D9-4F83-8F15-84B7ABC8FD27}.Release|x64.ActiveCfg = Release|x64
		{299FDEC9-D4D9-4F83-8F15-84B7ABC8FD27}.Release|x64.Build.0 = Release|x64
		{299FDEC9-D4D9-4F83-8F15-84B7ABC8FD27}.Release|x86.ActiveCfg = Release|Win32
		{299FDEC9-D4D9-4F83-8F15-84B7ABC8FD27}.Release|x86.Build.0 = Release|Win32
	EndGlobalSection
	GlobalSection(SolutionProperties) = preSolution
		HideSolutionNode = FALSE
	EndGlobalSection
	GlobalSection(ExtensibilityGlobals) = postSolution
		SolutionGuid = {20F7B75E-ABF8-41F3-8C7D-B156301C5B09}
	EndGlobalSection
EndGlobal
